
Microsoft Visual Studio Solution File, Format Version 12.00
# Visual Studio Version 17
VisualStudioVersion = 17.7.33920.267
MinimumVisualStudioVersion = 10.0.40219.1
Project("{FAE04EC0-301F-11D3-BF4B-00C04F79EFBC}") = "Bank Management System", "Bank Management System\Bank Management System.csproj", "{67A9FE1A-8C58-429C-AFA7-02A0FF1CFA3C}"
EndProject
Global
	GlobalSection(SolutionConfigurationPlatforms) = preSolution
		Debug|Any CPU = Debug|Any CPU
		Release|Any CPU = Release|Any CPU
	EndGlobalSection
	GlobalSection(ProjectConfigurationPlatforms) = postSolution
		{67A9FE1A-8C58-429C-AFA7-02A0FF1CFA3C}.Debug|Any CPU.ActiveCfg = Debug|Any CPU
		{67A9FE1A-8C58-429C-AFA7-02A0FF1CFA3C}.Debug|Any CPU.Build.0 = Debug|Any CPU
		{67A9FE1A-8C58-429C-AFA7-02A0FF1CFA3C}.Release|Any CPU.ActiveCfg = Release|Any CPU
		{67A9FE1A-8C58-429C-AFA7-02A0FF1CFA3C}.Release|Any CPU.Build.0 = Release|Any CPU
	EndGlobalSection
	GlobalSection(SolutionProperties) = preSolution
		HideSolutionNode = FALSE
	EndGlobalSection
	GlobalSection(ExtensibilityGlobals) = postSolution
		SolutionGuid = {015F6E0A-A6CC-4348-A224-2F30116CEA99}
	EndGlobalSection
EndGlobal
